
Microsoft Visual Studio Solution File, Format Version 12.00
# Visual Studio Version 17
VisualStudioVersion = 17.5.33530.505
MinimumVisualStudioVersion = 10.0.40219.1
Project("{FAE04EC0-301F-11D3-BF4B-00C04F79EFBC}") = "ABCpharmacy", "ABCpharmacy\ABCpharmacy.csproj", "{F38A6AFC-D53B-446E-888D-5DC91DD68193}"
EndProject
Global
	GlobalSection(SolutionConfigurationPlatforms) = preSolution
		Debug|Any CPU = Debug|Any CPU
		Release|Any CPU = Release|Any CPU
	EndGlobalSection
	GlobalSection(ProjectConfigurationPlatforms) = postSolution
		{F38A6AFC-D53B-446E-888D-5DC91DD68193}.Debug|Any CPU.ActiveCfg = Debug|Any CPU
		{F38A6AFC-D53B-446E-888D-5DC91DD68193}.Debug|Any CPU.Build.0 = Debug|Any CPU
		{F38A6AFC-D53B-446E-888D-5DC91DD68193}.Release|Any CPU.ActiveCfg = Release|Any CPU
		{F38A6AFC-D53B-446E-888D-5DC91DD68193}.Release|Any CPU.Build.0 = Release|Any CPU
	EndGlobalSection
	GlobalSection(SolutionProperties) = preSolution
		HideSolutionNode = FALSE
	EndGlobalSection
	GlobalSection(ExtensibilityGlobals) = postSolution
		SolutionGuid = {ADD1F8C8-A79F-4686-9222-BB136B8A4F21}
	EndGlobalSection
EndGlobal
